version = 1
revision = 3
requires-python = ">=3.12"

[[package]]
name = "common"
version = "0.1.0"
source = { editable = "../common" }
dependencies = [
    { name = "contextvars" },
    { name = "logging" },
    { name = "typing" },
    { name = "uuid" },
]

[package.metadata]
requires-dist = [
    { name = "contextvars", specifier = ">=2.4" },
    { name = "logging", specifier = ">=0.4.9.6" },
    { name = "typing", specifier = ">=3.10.0.0" },
    { name = "uuid", specifier = ">=1.30" },
]

[[package]]
name = "contextvars"
version = "2.4"
source = { registry = "https://pypi.org/simple" }
dependencies = [
    { name = "immutables" },
]
sdist = { url = "https://files.pythonhosted.org/packages/83/96/55b82d9f13763be9d672622e1b8106c85acb83edd7cc2fa5bc67cd9877e9/contextvars-2.4.tar.gz", hash = "sha256:f38c908aaa59c14335eeea12abea5f443646216c4e29380d7bf34d2018e2c39e", size = 9570, upload-time = "2019-04-01T14:42:11.953Z" }

[[package]]
name = "immutables"
version = "0.21"
source = { registry = "https://pypi.org/simple" }
sdist = { url = "https://files.pythonhosted.org/packages/69/41/0ccaa6ef9943c0609ec5aa663a3b3e681c1712c1007147b84590cec706a0/immutables-0.21.tar.gz", hash = "sha256:b55ffaf0449790242feb4c56ab799ea7af92801a0a43f9e2f4f8af2ab24dfc4a", size = 89008, upload-time = "2024-10-10T00:55:01.434Z" }
wheels = [
    { url = "https://files.pythonhosted.org/packages/4d/f9/0c46f600702b815182212453f5514c0070ee168b817cdf7c3767554c8489/immutables-0.21-cp312-cp312-macosx_10_13_x86_64.whl", hash = "sha256:ef1ed262094b755903122c3c3a83ad0e0d5c3ab7887cda12b2fe878769d1ee0d", size = 31885, upload-time = "2024-10-10T00:54:19.406Z" },
    { url = "https://files.pythonhosted.org/packages/29/34/7608d2eab6179aa47e8f59ab0fbd5b3eeb2333d78c9dc2da0de8de4ed322/immutables-0.21-cp312-cp312-macosx_11_0_arm64.whl", hash = "sha256:ce604f81d9d8f26e60b52ebcb56bb5c0462c8ea50fb17868487d15f048a2f13e", size = 31537, upload-time = "2024-10-10T00:54:20.998Z" },
    { url = "https://files.pythonhosted.org/packages/f7/52/cb9e2bb7a69338155ffabbd2f993c968c750dd2d5c6c6eaa6ebb7bfcbdfa/immutables-0.21-cp312-cp312-manylinux_2_17_aarch64.manylinux2014_aarch64.whl", hash = "sha256:b48b116aaca4500398058b5a87814857a60c4cb09417fecc12d7da0f5639b73d", size = 104270, upload-time = "2024-10-10T00:54:21.912Z" },
    { url = "https://files.pythonhosted.org/packages/0f/a4/25df835a9b9b372a4a869a8a1ac30a32199f2b3f581ad0e249f7e3d19eed/immutables-0.21-cp312-cp312-manylinux_2_5_x86_64.manylinux1_x86_64.manylinux_2_17_x86_64.manylinux2014_x86_64.whl", hash = "sha256:dad7c0c74b285cc0e555ec0e97acbdc6f1862fcd16b99abd612df3243732e741", size = 104864, upload-time = "2024-10-10T00:54:22.956Z" },
    { url = "https://files.pythonhosted.org/packages/4a/51/b548fbc657134d658e179ee8d201ae82d9049aba5c3cb2d858ed2ecb7e3f/immutables-0.21-cp312-cp312-musllinux_1_2_aarch64.whl", hash = "sha256:e44346e2221a5a676c880ca8e0e6429fa24d1a4ae562573f5c04d7f2e759b030", size = 99733, upload-time = "2024-10-10T00:54:23.99Z" },
    { url = "https://files.pythonhosted.org/packages/47/db/d7b1e0e88faf07fe9a88579a86f58078a9a37fff871f4b3dbcf28cad9a12/immutables-0.21-cp312-cp312-musllinux_1_2_x86_64.whl", hash = "sha256:8b10139b529a460e53fe8be699ebd848c54c8a33ebe67763bcfcc809a475a26f", size = 101698, upload-time = "2024-10-10T00:54:25.734Z" },
    { url = "https://files.pythonhosted.org/packages/69/2d/6fe42a1a053dd8cfb9f45e91d5246522637c7287dc6bd347f67aedf7aedb/immutables-0.21-cp312-cp312-win32.whl", hash = "sha256:fc512d808662614feb17d2d92e98f611d69669a98c7af15910acf1dc72737038", size = 30977, upload-time = "2024-10-10T00:54:27.436Z" },
    { url = "https://files.pythonhosted.org/packages/63/45/d062aca6971e99454ce3ae42a7430037227fee961644ed1f8b6c9b99e0a5/immutables-0.21-cp312-cp312-win_amd64.whl", hash = "sha256:461dcb0f58a131045155e52a2c43de6ec2fe5ba19bdced6858a3abb63cee5111", size = 35088, upload-time = "2024-10-10T00:54:28.388Z" },
    { url = "https://files.pythonhosted.org/packages/5e/db/60da6f5a3c3f64e0b3940c4ad86e1971d9d2eb8b13a179c26eda5ec6a298/immutables-0.21-cp313-cp313-macosx_10_13_x86_64.whl", hash = "sha256:79674b51aa8dd983f9ac55f7f67b433b1df84a6b4f28ab860588389a5659485b", size = 31922, upload-time = "2024-10-10T00:54:29.305Z" },
    { url = "https://files.pythonhosted.org/packages/9b/89/5420f1d16a652024fcccc9c07d46d4157fcaf33ff37c82412c83fc16ef36/immutables-0.21-cp313-cp313-macosx_11_0_arm64.whl", hash = "sha256:93c8350f8f7d0d9693f708229d9d0578e6f3b785ce6da4bced1da97137aacfad", size = 31552, upload-time = "2024-10-10T00:54:30.282Z" },
    { url = "https://files.pythonhosted.org/packages/d2/d0/a5fb7c164ddb298ec37537e618b70dfa30c7cae9fac01de374c36489cbc9/immutables-0.21-cp313-cp313-manylinux_2_17_aarch64.manylinux2014_aarch64.whl", hash = "sha256:583d2a63e444ce1538cc2bda56ae1f4a1a11473dbc0377c82b516bc7eec3b81e", size = 104334, upload-time = "2024-10-10T00:54:31.284Z" },
    { url = "https://files.pythonhosted.org/packages/f3/a5/5fda0ee4a261a85124011ac0750fec678f00e1b2d4a5502b149a3b4d86d9/immutables-0.21-cp313-cp313-manylinux_2_5_x86_64.manylinux1_x86_64.manylinux_2_17_x86_64.manylinux2014_x86_64.whl", hash = "sha256:b274a52da9b106db55eceb93fc1aea858c4e6f4740189e3548e38613eafc2021", size = 104898, upload-time = "2024-10-10T00:54:32.295Z" },
    { url = "https://files.pythonhosted.org/packages/93/fa/d46bfe92f2c66d35916344176ff87fa839aac9c16849652947e722b7a15f/immutables-0.21-cp313-cp313-musllinux_1_2_aarch64.whl", hash = "sha256:338bede057250b33716a3e4892e15df0bf5a5ddbf1d67ead996b3e680b49ef9e", size = 99966, upload-time = "2024-10-10T00:54:34.046Z" },
    { url = "https://files.pythonhosted.org/packages/d7/f5/2a19e2e095f7a39d8d77dcc10669734d2d99773ce00c99bdcfeeb7d714e6/immutables-0.21-cp313-cp313-musllinux_1_2_x86_64.whl", hash = "sha256:8781c89583b68f604cf30f0978b722165824c3075888639fde771bf1a3e12dc0", size = 101773, upload-time = "2024-10-10T00:54:35.851Z" },
    { url = "https://files.pythonhosted.org/packages/86/80/5b6ee53f836cf2067ced997efbf2ce20890627f150c3089ea50cf607e783/immutables-0.21-cp313-cp313-win32.whl", hash = "sha256:e97ea83befad873712f283c0cccd630f70cba753e207b4868af28d5b85e9dc54", size = 30988, upload-time = "2024-10-10T00:54:37.618Z" },
    { url = "https://files.pythonhosted.org/packages/ff/07/f623e6da78368fc0b1772f4877afbf60f34c4cc93f1a8f1006507afa21ec/immutables-0.21-cp313-cp313-win_amd64.whl", hash = "sha256:cfcb23bd898f5a4ef88692b42c51f52ca7373a35ba4dcc215060a668639eb5da", size = 35147, upload-time = "2024-10-10T00:54:38.558Z" },
]

[[package]]
name = "logging"
version = "0.4.9.6"
source = { registry = "https://pypi.org/simple" }
sdist = { url = "https://files.pythonhosted.org/packages/93/4b/979db9e44be09f71e85c9c8cfc42f258adfb7d93ce01deed2788b2948919/logging-0.4.9.6.tar.gz", hash = "sha256:26f6b50773f085042d301085bd1bf5d9f3735704db9f37c1ce6d8b85c38f2417", size = 96029, upload-time = "2013-06-04T23:43:22.086Z" }

[[package]]
name = "pdf-reader"
version = "0.1.0"
source = { virtual = "." }
dependencies = [
    { name = "common" },
]

[package.metadata]
requires-dist = [{ name = "common", editable = "../common" }]

[[package]]
name = "typing"
version = "3.10.0.0"
source = { registry = "https://pypi.org/simple" }
sdist = { url = "https://files.pythonhosted.org/packages/b0/1b/835d4431805939d2996f8772aca1d2313a57e8860fec0e48e8e7dfe3a477/typing-3.10.0.0.tar.gz", hash = "sha256:13b4ad211f54ddbf93e5901a9967b1e07720c1d1b78d596ac6a439641aa1b130", size = 78962, upload-time = "2021-05-01T18:03:58.186Z" }
wheels = [
    { url = "https://files.pythonhosted.org/packages/f2/5d/865e17349564eb1772688d8afc5e3081a5964c640d64d1d2880ebaed002d/typing-3.10.0.0-py3-none-any.whl", hash = "sha256:12fbdfbe7d6cca1a42e485229afcb0b0c8259258cfb919b8a5e2a5c953742f89", size = 26320, upload-time = "2021-05-01T18:03:56.398Z" },
]

[[package]]
name = "uuid"
version = "1.30"
source = { registry = "https://pypi.org/simple" }
sdist = { url = "https://files.pythonhosted.org/packages/ce/63/f42f5aa951ebf2c8dac81f77a8edcc1c218640a2a35a03b9ff2d4aa64c3d/uuid-1.30.tar.gz", hash = "sha256:1f87cc004ac5120466f36c5beae48b4c48cc411968eed0eaecd3da82aa96193f", size = 5811, upload-time = "2007-05-26T11:13:24Z" }
